
Microsoft Visual Studio Solution File, Format Version 12.00
# Visual Studio Version 17
VisualStudioVersion = 17.6.33829.357
MinimumVisualStudioVersion = 10.0.40219.1
Project("{9A19103F-16F7-4668-BE54-9A1E7A4F7556}") = "CQRSDemo", "CQRSDemo\CQRSDemo.csproj", "{6E4750D9-7CE3-4C21-A02A-EB4B6B30BA9B}"
EndProject
Project("{2150E333-8FDC-42A3-9474-1A3956D46DE8}") = "ReadModel", "ReadModel", "{4F8DD74E-305D-4DCD-8DA1-754832E78749}"
EndProject
Project("{2150E333-8FDC-42A3-9474-1A3956D46DE8}") = "MoviesContext", "MoviesContext", "{0C7B2C49-F540-4985-B496-414A9AA04D65}"
EndProject
Project("{2150E333-8FDC-42A3-9474-1A3956D46DE8}") = "Infrastructure", "Infrastructure", "{9EC1ACCC-C3D1-4D8D-9AA7-79208851A89C}"
EndProject
Project("{9A19103F-16F7-4668-BE54-9A1E7A4F7556}") = "Infrastructure.Persistence", "Infrastructure.Persistence\Infrastructure.Persistence.csproj", "{0373F15A-3870-43B2-97C6-05E4A8873D82}"
EndProject
Project("{2150E333-8FDC-42A3-9474-1A3956D46DE8}") = "Domain", "Domain", "{9C6C6073-50CF-4EF9-9C5F-3D14D60695BE}"
EndProject
Project("{9A19103F-16F7-4668-BE54-9A1E7A4F7556}") = "Domain", "Domain\Domain.csproj", "{709207A3-10BD-41C2-AB70-6115931976E6}"
EndProject
Project("{2150E333-8FDC-42A3-9474-1A3956D46DE8}") = "WriteModel", "WriteModel", "{0C7AE699-F678-4A66-9CE4-2D0CA3DAFAF9}"
EndProject
Project("{9A19103F-16F7-4668-BE54-9A1E7A4F7556}") = "Framework.Domain", "Framework.Domain\Framework.Domain.csproj", "{E9B5FB2A-0660-44DE-97E9-2EFE7EEFBA36}"
EndProject
Project("{9A19103F-16F7-4668-BE54-9A1E7A4F7556}") = "Read.Context", "Read.Context\Read.Context.csproj", "{819C890D-0D3A-4779-9ED0-FF1792301E79}"
EndProject
Project("{FAE04EC0-301F-11D3-BF4B-00C04F79EFBC}") = "Read.Queries", "Read.Queries\Read.Queries.csproj", "{AA6073EA-42E5-4E52-A71A-7D5D06384D90}"
EndProject
Project("{2150E333-8FDC-42A3-9474-1A3956D46DE8}") = "Application", "Application", "{E1FFEAF3-5F0C-4F01-839E-42DF63057BB4}"
EndProject
Project("{FAE04EC0-301F-11D3-BF4B-00C04F79EFBC}") = "Application.Services", "Application.Services\Application.Services.csproj", "{6FF18239-98B3-4DA4-AE36-61149E93CCC9}"
EndProject
Project("{FAE04EC0-301F-11D3-BF4B-00C04F79EFBC}") = "Application.Contracts", "Application.Contracts\Application.Contracts.csproj", "{29AC0BA0-E971-41BF-BAD7-E5374EE98907}"
EndProject
Project("{FAE04EC0-301F-11D3-BF4B-00C04F79EFBC}") = "Framework.Persistence", "Framework.Persistence\Framework.Persistence.csproj", "{BDF151A9-FA3D-4115-A77F-0B4594E7E2CE}"
EndProject
Project("{FAE04EC0-301F-11D3-BF4B-00C04F79EFBC}") = "Framework.Core", "Framework.Core\Framework.Core.csproj", "{48866855-EC30-4007-8421-A72E1C921314}"
EndProject
Project("{FAE04EC0-301F-11D3-BF4B-00C04F79EFBC}") = "Framework.Messaging", "Framework.Messaging\Framework.Messaging.csproj", "{E23907F1-F8F3-4135-905B-B2A0CBFB624E}"
EndProject
Project("{FAE04EC0-301F-11D3-BF4B-00C04F79EFBC}") = "Read.Messaging", "Read.Messaging\Read.Messaging.csproj", "{CBDB8DF8-9047-4A2B-926F-C5E47B044BE7}"
EndProject
Project("{2150E333-8FDC-42A3-9474-1A3956D46DE8}") = "Contracts", "Contracts", "{51EBEAC3-5D85-4E56-A5AC-82FF64D91F16}"
EndProject
Project("{FAE04EC0-301F-11D3-BF4B-00C04F79EFBC}") = "CQRSDemo.Contracts", "CQRSDemo.Contracts\CQRSDemo.Contracts.csproj", "{B4FEAF25-A001-41A7-B2FD-5B0559B03217}"
EndProject
Global
	GlobalSection(SolutionConfigurationPlatforms) = preSolution
		Debug|Any CPU = Debug|Any CPU
		Release|Any CPU = Release|Any CPU
	EndGlobalSection
	GlobalSection(ProjectConfigurationPlatforms) = postSolution
		{6E4750D9-7CE3-4C21-A02A-EB4B6B30BA9B}.Debug|Any CPU.ActiveCfg = Debug|Any CPU
		{6E4750D9-7CE3-4C21-A02A-EB4B6B30BA9B}.Debug|Any CPU.Build.0 = Debug|Any CPU
		{6E4750D9-7CE3-4C21-A02A-EB4B6B30BA9B}.Release|Any CPU.ActiveCfg = Release|Any CPU
		{6E4750D9-7CE3-4C21-A02A-EB4B6B30BA9B}.Release|Any CPU.Build.0 = Release|Any CPU
		{0373F15A-3870-43B2-97C6-05E4A8873D82}.Debug|Any CPU.ActiveCfg = Debug|Any CPU
		{0373F15A-3870-43B2-97C6-05E4A8873D82}.Debug|Any CPU.Build.0 = Debug|Any CPU
		{0373F15A-3870-43B2-97C6-05E4A8873D82}.Release|Any CPU.ActiveCfg = Release|Any CPU
		{0373F15A-3870-43B2-97C6-05E4A8873D82}.Release|Any CPU.Build.0 = Release|Any CPU
		{709207A3-10BD-41C2-AB70-6115931976E6}.Debug|Any CPU.ActiveCfg = Debug|Any CPU
		{709207A3-10BD-41C2-AB70-6115931976E6}.Debug|Any CPU.Build.0 = Debug|Any CPU
		{709207A3-10BD-41C2-AB70-6115931976E6}.Release|Any CPU.ActiveCfg = Release|Any CPU
		{709207A3-10BD-41C2-AB70-6115931976E6}.Release|Any CPU.Build.0 = Release|Any CPU
		{E9B5FB2A-0660-44DE-97E9-2EFE7EEFBA36}.Debug|Any CPU.ActiveCfg = Debug|Any CPU
		{E9B5FB2A-0660-44DE-97E9-2EFE7EEFBA36}.Debug|Any CPU.Build.0 = Debug|Any CPU
		{E9B5FB2A-0660-44DE-97E9-2EFE7EEFBA36}.Release|Any CPU.ActiveCfg = Release|Any CPU
		{E9B5FB2A-0660-44DE-97E9-2EFE7EEFBA36}.Release|Any CPU.Build.0 = Release|Any CPU
		{819C890D-0D3A-4779-9ED0-FF1792301E79}.Debug|Any CPU.ActiveCfg = Debug|Any CPU
		{819C890D-0D3A-4779-9ED0-FF1792301E79}.Debug|Any CPU.Build.0 = Debug|Any CPU
		{819C890D-0D3A-4779-9ED0-FF1792301E79}.Release|Any CPU.ActiveCfg = Release|Any CPU
		{819C890D-0D3A-4779-9ED0-FF1792301E79}.Release|Any CPU.Build.0 = Release|Any CPU
		{AA6073EA-42E5-4E52-A71A-7D5D06384D90}.Debug|Any CPU.ActiveCfg = Debug|Any CPU
		{AA6073EA-42E5-4E52-A71A-7D5D06384D90}.Debug|Any CPU.Build.0 = Debug|Any CPU
		{AA6073EA-42E5-4E52-A71A-7D5D06384D90}.Release|Any CPU.ActiveCfg = Release|Any CPU
		{AA6073EA-42E5-4E52-A71A-7D5D06384D90}.Release|Any CPU.Build.0 = Release|Any CPU
		{6FF18239-98B3-4DA4-AE36-61149E93CCC9}.Debug|Any CPU.ActiveCfg = Debug|Any CPU
		{6FF18239-98B3-4DA4-AE36-61149E93CCC9}.Debug|Any CPU.Build.0 = Debug|Any CPU
		{6FF18239-98B3-4DA4-AE36-61149E93CCC9}.Release|Any CPU.ActiveCfg = Release|Any CPU
		{6FF18239-98B3-4DA4-AE36-61149E93CCC9}.Release|Any CPU.Build.0 = Release|Any CPU
		{29AC0BA0-E971-41BF-BAD7-E5374EE98907}.Debug|Any CPU.ActiveCfg = Debug|Any CPU
		{29AC0BA0-E971-41BF-BAD7-E5374EE98907}.Debug|Any CPU.Build.0 = Debug|Any CPU
		{29AC0BA0-E971-41BF-BAD7-E5374EE98907}.Release|Any CPU.ActiveCfg = Release|Any CPU
		{29AC0BA0-E971-41BF-BAD7-E5374EE98907}.Release|Any CPU.Build.0 = Release|Any CPU
		{BDF151A9-FA3D-4115-A77F-0B4594E7E2CE}.Debug|Any CPU.ActiveCfg = Debug|Any CPU
		{BDF151A9-FA3D-4115-A77F-0B4594E7E2CE}.Debug|Any CPU.Build.0 = Debug|Any CPU
		{BDF151A9-FA3D-4115-A77F-0B4594E7E2CE}.Release|Any CPU.ActiveCfg = Release|Any CPU
		{BDF151A9-FA3D-4115-A77F-0B4594E7E2CE}.Release|Any CPU.Build.0 = Release|Any CPU
		{48866855-EC30-4007-8421-A72E1C921314}.Debug|Any CPU.ActiveCfg = Debug|Any CPU
		{48866855-EC30-4007-8421-A72E1C921314}.Debug|Any CPU.Build.0 = Debug|Any CPU
		{48866855-EC30-4007-8421-A72E1C921314}.Release|Any CPU.ActiveCfg = Release|Any CPU
		{48866855-EC30-4007-8421-A72E1C921314}.Release|Any CPU.Build.0 = Release|Any CPU
		{E23907F1-F8F3-4135-905B-B2A0CBFB624E}.Debug|Any CPU.ActiveCfg = Debug|Any CPU
		{E23907F1-F8F3-4135-905B-B2A0CBFB624E}.Debug|Any CPU.Build.0 = Debug|Any CPU
		{E23907F1-F8F3-4135-905B-B2A0CBFB624E}.Release|Any CPU.ActiveCfg = Release|Any CPU
		{E23907F1-F8F3-4135-905B-B2A0CBFB624E}.Release|Any CPU.Build.0 = Release|Any CPU
		{CBDB8DF8-9047-4A2B-926F-C5E47B044BE7}.Debug|Any CPU.ActiveCfg = Debug|Any CPU
		{CBDB8DF8-9047-4A2B-926F-C5E47B044BE7}.Debug|Any CPU.Build.0 = Debug|Any CPU
		{CBDB8DF8-9047-4A2B-926F-C5E47B044BE7}.Release|Any CPU.ActiveCfg = Release|Any CPU
		{CBDB8DF8-9047-4A2B-926F-C5E47B044BE7}.Release|Any CPU.Build.0 = Release|Any CPU
		{B4FEAF25-A001-41A7-B2FD-5B0559B03217}.Debug|Any CPU.ActiveCfg = Debug|Any CPU
		{B4FEAF25-A001-41A7-B2FD-5B0559B03217}.Debug|Any CPU.Build.0 = Debug|Any CPU
		{B4FEAF25-A001-41A7-B2FD-5B0559B03217}.Release|Any CPU.ActiveCfg = Release|Any CPU
		{B4FEAF25-A001-41A7-B2FD-5B0559B03217}.Release|Any CPU.Build.0 = Release|Any CPU
	EndGlobalSection
	GlobalSection(SolutionProperties) = preSolution
		HideSolutionNode = FALSE
	EndGlobalSection
	GlobalSection(NestedProjects) = preSolution
		{6E4750D9-7CE3-4C21-A02A-EB4B6B30BA9B} = {0C7B2C49-F540-4985-B496-414A9AA04D65}
		{4F8DD74E-305D-4DCD-8DA1-754832E78749} = {0C7B2C49-F540-4985-B496-414A9AA04D65}
		{9EC1ACCC-C3D1-4D8D-9AA7-79208851A89C} = {0C7AE699-F678-4A66-9CE4-2D0CA3DAFAF9}
		{0373F15A-3870-43B2-97C6-05E4A8873D82} = {9EC1ACCC-C3D1-4D8D-9AA7-79208851A89C}
		{9C6C6073-50CF-4EF9-9C5F-3D14D60695BE} = {0C7AE699-F678-4A66-9CE4-2D0CA3DAFAF9}
		{709207A3-10BD-41C2-AB70-6115931976E6} = {9C6C6073-50CF-4EF9-9C5F-3D14D60695BE}
		{0C7AE699-F678-4A66-9CE4-2D0CA3DAFAF9} = {0C7B2C49-F540-4985-B496-414A9AA04D65}
		{819C890D-0D3A-4779-9ED0-FF1792301E79} = {4F8DD74E-305D-4DCD-8DA1-754832E78749}
		{AA6073EA-42E5-4E52-A71A-7D5D06384D90} = {4F8DD74E-305D-4DCD-8DA1-754832E78749}
		{E1FFEAF3-5F0C-4F01-839E-42DF63057BB4} = {0C7AE699-F678-4A66-9CE4-2D0CA3DAFAF9}
		{6FF18239-98B3-4DA4-AE36-61149E93CCC9} = {E1FFEAF3-5F0C-4F01-839E-42DF63057BB4}
		{29AC0BA0-E971-41BF-BAD7-E5374EE98907} = {E1FFEAF3-5F0C-4F01-839E-42DF63057BB4}
		{CBDB8DF8-9047-4A2B-926F-C5E47B044BE7} = {4F8DD74E-305D-4DCD-8DA1-754832E78749}
		{B4FEAF25-A001-41A7-B2FD-5B0559B03217} = {51EBEAC3-5D85-4E56-A5AC-82FF64D91F16}
	EndGlobalSection
	GlobalSection(ExtensibilityGlobals) = postSolution
		SolutionGuid = {D6DAC344-13A5-4468-8B3C-4351A86822C5}
	EndGlobalSection
EndGlobal
